// !$*UTF8*$!
{
	archiveVersion = 1;
	classes = {
	};
	objectVersion = 50;
	objects = {

/* Begin PBXBuildFile section */
		1DC2D3223938DD32906B7FAD /* Pods_CSSNetworkingTests.framework in Frameworks */ = {isa = PBXBuildFile; fileRef = 10FEB4BF57E7F922B7F22397 /* Pods_CSSNetworkingTests.framework */; };
		6F661BDB46304F80D7DF6C52 /* Pods_CSSNetworking.framework in Frameworks */ = {isa = PBXBuildFile; fileRef = D6B69E9B30273CDF813C84C4 /* Pods_CSSNetworking.framework */; };
		9E62943B208BA1770047DCCE /* AppDelegate.m in Sources */ = {isa = PBXBuildFile; fileRef = 9E62943A208BA1770047DCCE /* AppDelegate.m */; };
		9E62943E208BA1770047DCCE /* ViewController.m in Sources */ = {isa = PBXBuildFile; fileRef = 9E62943D208BA1770047DCCE /* ViewController.m */; };
		9E629441208BA1770047DCCE /* Main.storyboard in Resources */ = {isa = PBXBuildFile; fileRef = 9E62943F208BA1770047DCCE /* Main.storyboard */; };
		9E629443208BA1780047DCCE /* Assets.xcassets in Resources */ = {isa = PBXBuildFile; fileRef = 9E629442208BA1780047DCCE /* Assets.xcassets */; };
		9E629446208BA1780047DCCE /* LaunchScreen.storyboard in Resources */ = {isa = PBXBuildFile; fileRef = 9E629444208BA1780047DCCE /* LaunchScreen.storyboard */; };
		9E629449208BA1780047DCCE /* main.m in Sources */ = {isa = PBXBuildFile; fileRef = 9E629448208BA1780047DCCE /* main.m */; };
		9E629475208BA4430047DCCE /* CSSMultiRequestViewModel.m in Sources */ = {isa = PBXBuildFile; fileRef = 9E62945F208BA4430047DCCE /* CSSMultiRequestViewModel.m */; };
		9E629476208BA4430047DCCE /* CSSWebResponse.m in Sources */ = {isa = PBXBuildFile; fileRef = 9E629463208BA4430047DCCE /* CSSWebResponse.m */; };
		9E629477208BA4430047DCCE /* CSSWebRequestTaskCollector.m in Sources */ = {isa = PBXBuildFile; fileRef = 9E629466208BA4430047DCCE /* CSSWebRequestTaskCollector.m */; };
		9E629478208BA4430047DCCE /* CSSNetworkingManager.m in Sources */ = {isa = PBXBuildFile; fileRef = 9E629467208BA4430047DCCE /* CSSNetworkingManager.m */; };
		9E629479208BA4430047DCCE /* CSSWebRequestService.m in Sources */ = {isa = PBXBuildFile; fileRef = 9E62946E208BA4430047DCCE /* CSSWebRequestService.m */; };
		9E62947A208BA4430047DCCE /* CSSWebURLCache.m in Sources */ = {isa = PBXBuildFile; fileRef = 9E62946F208BA4430047DCCE /* CSSWebURLCache.m */; };
		9E62947B208BA4430047DCCE /* CSSWebRequest.m in Sources */ = {isa = PBXBuildFile; fileRef = 9E629470208BA4430047DCCE /* CSSWebRequest.m */; };
		9E62947C208BA4430047DCCE /* CSSWebRequestFormItem.m in Sources */ = {isa = PBXBuildFile; fileRef = 9E629473208BA4430047DCCE /* CSSWebRequestFormItem.m */; };
		9E62947D208BA4430047DCCE /* CSSWebRequestTask.m in Sources */ = {isa = PBXBuildFile; fileRef = 9E629474208BA4430047DCCE /* CSSWebRequestTask.m */; };
		9E629481208BA4D40047DCCE /* CSSNetworkingHandle.m in Sources */ = {isa = PBXBuildFile; fileRef = 9E62947F208BA4D40047DCCE /* CSSNetworkingHandle.m */; };
		9E62948F208BA4E50047DCCE /* CSSContentModel.m in Sources */ = {isa = PBXBuildFile; fileRef = 9E629485208BA4E50047DCCE /* CSSContentModel.m */; };
		9E629490208BA4E50047DCCE /* CSSListModel.m in Sources */ = {isa = PBXBuildFile; fileRef = 9E629486208BA4E50047DCCE /* CSSListModel.m */; };
		9E629491208BA4E50047DCCE /* CSSDataModel.m in Sources */ = {isa = PBXBuildFile; fileRef = 9E629487208BA4E50047DCCE /* CSSDataModel.m */; };
		9E629492208BA4E50047DCCE /* CSSCacheRequest.m in Sources */ = {isa = PBXBuildFile; fileRef = 9E62948A208BA4E50047DCCE /* CSSCacheRequest.m */; };
		9E629493208BA4E50047DCCE /* CSSNormalRequest.m in Sources */ = {isa = PBXBuildFile; fileRef = 9E62948B208BA4E50047DCCE /* CSSNormalRequest.m */; };
		9E62949A208BA4F70047DCCE /* CSSViewModelSingleRequetTests.m in Sources */ = {isa = PBXBuildFile; fileRef = 9E629494208BA4F70047DCCE /* CSSViewModelSingleRequetTests.m */; };
		9E62949B208BA4F70047DCCE /* CSSNetworkingOriginTests.m in Sources */ = {isa = PBXBuildFile; fileRef = 9E629495208BA4F70047DCCE /* CSSNetworkingOriginTests.m */; };
		9E62949C208BA4F70047DCCE /* CSSNetworkingCacheTests.m in Sources */ = {isa = PBXBuildFile; fileRef = 9E629496208BA4F70047DCCE /* CSSNetworkingCacheTests.m */; };
		9E62949D208BA4F70047DCCE /* CSSNetworkingToModelStyleTests.m in Sources */ = {isa = PBXBuildFile; fileRef = 9E629497208BA4F70047DCCE /* CSSNetworkingToModelStyleTests.m */; };
		9E62949E208BA4F70047DCCE /* CSSViewModelMultiRequestTests.m in Sources */ = {isa = PBXBuildFile; fileRef = 9E629499208BA4F70047DCCE /* CSSViewModelMultiRequestTests.m */; };
/* End PBXBuildFile section */

/* Begin PBXContainerItemProxy section */
		9E62944F208BA1780047DCCE /* PBXContainerItemProxy */ = {
			isa = PBXContainerItemProxy;
			containerPortal = 9E62942E208BA1770047DCCE /* Project object */;
			proxyType = 1;
			remoteGlobalIDString = 9E629435208BA1770047DCCE;
			remoteInfo = CSSNetworking;
		};
/* End PBXContainerItemProxy section */

/* Begin PBXFileReference section */
		0DE024D4EFC91E05104A4951 /* Pods-CSSNetworking.release.xcconfig */ = {isa = PBXFileReference; includeInIndex = 1; lastKnownFileType = text.xcconfig; name = "Pods-CSSNetworking.release.xcconfig"; path = "Pods/Target Support Files/Pods-CSSNetworking/Pods-CSSNetworking.release.xcconfig"; sourceTree = "<group>"; };
		10FEB4BF57E7F922B7F22397 /* Pods_CSSNetworkingTests.framework */ = {isa = PBXFileReference; explicitFileType = wrapper.framework; includeInIndex = 0; path = Pods_CSSNetworkingTests.framework; sourceTree = BUILT_PRODUCTS_DIR; };
		82349EC6378EF0B7499E87C6 /* Pods-CSSNetworkingTests.debug.xcconfig */ = {isa = PBXFileReference; includeInIndex = 1; lastKnownFileType = text.xcconfig; name = "Pods-CSSNetworkingTests.debug.xcconfig"; path = "Pods/Target Support Files/Pods-CSSNetworkingTests/Pods-CSSNetworkingTests.debug.xcconfig"; sourceTree = "<group>"; };
		9E629436208BA1770047DCCE /* CSSNetworking.app */ = {isa = PBXFileReference; explicitFileType = wrapper.application; includeInIndex = 0; path = CSSNetworking.app; sourceTree = BUILT_PRODUCTS_DIR; };
		9E629439208BA1770047DCCE /* AppDelegate.h */ = {isa = PBXFileReference; lastKnownFileType = sourcecode.c.h; path = AppDelegate.h; sourceTree = "<group>"; };
		9E62943A208BA1770047DCCE /* AppDelegate.m */ = {isa = PBXFileReference; lastKnownFileType = sourcecode.c.objc; path = AppDelegate.m; sourceTree = "<group>"; };
		9E62943C208BA1770047DCCE /* ViewController.h */ = {isa = PBXFileReference; lastKnownFileType = sourcecode.c.h; path = ViewController.h; sourceTree = "<group>"; };
		9E62943D208BA1770047DCCE /* ViewController.m */ = {isa = PBXFileReference; lastKnownFileType = sourcecode.c.objc; path = ViewController.m; sourceTree = "<group>"; };
		9E629440208BA1770047DCCE /* Base */ = {isa = PBXFileReference; lastKnownFileType = file.storyboard; name = Base; path = Base.lproj/Main.storyboard; sourceTree = "<group>"; };
		9E629442208BA1780047DCCE /* Assets.xcassets */ = {isa = PBXFileReference; lastKnownFileType = folder.assetcatalog; path = Assets.xcassets; sourceTree = "<group>"; };
		9E629445208BA1780047DCCE /* Base */ = {isa = PBXFileReference; lastKnownFileType = file.storyboard; name = Base; path = Base.lproj/LaunchScreen.storyboard; sourceTree = "<group>"; };
		9E629447208BA1780047DCCE /* Info.plist */ = {isa = PBXFileReference; lastKnownFileType = text.plist.xml; path = Info.plist; sourceTree = "<group>"; };
		9E629448208BA1780047DCCE /* main.m */ = {isa = PBXFileReference; lastKnownFileType = sourcecode.c.objc; path = main.m; sourceTree = "<group>"; };
		9E62944E208BA1780047DCCE /* CSSNetworkingTests.xctest */ = {isa = PBXFileReference; explicitFileType = wrapper.cfbundle; includeInIndex = 0; path = CSSNetworkingTests.xctest; sourceTree = BUILT_PRODUCTS_DIR; };
		9E629454208BA1780047DCCE /* Info.plist */ = {isa = PBXFileReference; lastKnownFileType = text.plist.xml; path = Info.plist; sourceTree = "<group>"; };
		9E62945F208BA4430047DCCE /* CSSMultiRequestViewModel.m */ = {isa = PBXFileReference; fileEncoding = 4; lastKnownFileType = sourcecode.c.objc; path = CSSMultiRequestViewModel.m; sourceTree = "<group>"; };
		9E629460208BA4430047DCCE /* CSSMultiRequestViewModel.h */ = {isa = PBXFileReference; fileEncoding = 4; lastKnownFileType = sourcecode.c.h; path = CSSMultiRequestViewModel.h; sourceTree = "<group>"; };
		9E629461208BA4430047DCCE /* CSSNetworking.h */ = {isa = PBXFileReference; fileEncoding = 4; lastKnownFileType = sourcecode.c.h; path = CSSNetworking.h; sourceTree = "<group>"; };
		9E629463208BA4430047DCCE /* CSSWebResponse.m */ = {isa = PBXFileReference; fileEncoding = 4; lastKnownFileType = sourcecode.c.objc; path = CSSWebResponse.m; sourceTree = "<group>"; };
		9E629464208BA4430047DCCE /* CSSNetworkingManager+Private.h */ = {isa = PBXFileReference; fileEncoding = 4; lastKnownFileType = sourcecode.c.h; path = "CSSNetworkingManager+Private.h"; sourceTree = "<group>"; };
		9E629465208BA4430047DCCE /* CSSWebRequestService.h */ = {isa = PBXFileReference; fileEncoding = 4; lastKnownFileType = sourcecode.c.h; path = CSSWebRequestService.h; sourceTree = "<group>"; };
		9E629466208BA4430047DCCE /* CSSWebRequestTaskCollector.m */ = {isa = PBXFileReference; fileEncoding = 4; lastKnownFileType = sourcecode.c.objc; path = CSSWebRequestTaskCollector.m; sourceTree = "<group>"; };
		9E629467208BA4430047DCCE /* CSSNetworkingManager.m */ = {isa = PBXFileReference; fileEncoding = 4; lastKnownFileType = sourcecode.c.objc; path = CSSNetworkingManager.m; sourceTree = "<group>"; };
		9E629468208BA4430047DCCE /* CSSWebRequest.h */ = {isa = PBXFileReference; fileEncoding = 4; lastKnownFileType = sourcecode.c.h; path = CSSWebRequest.h; sourceTree = "<group>"; };
		9E629469208BA4430047DCCE /* CSSNetworkingDefine.h */ = {isa = PBXFileReference; fileEncoding = 4; lastKnownFileType = sourcecode.c.h; path = CSSNetworkingDefine.h; sourceTree = "<group>"; };
		9E62946A208BA4430047DCCE /* CSSWebURLCache.h */ = {isa = PBXFileReference; fileEncoding = 4; lastKnownFileType = sourcecode.c.h; path = CSSWebURLCache.h; sourceTree = "<group>"; };
		9E62946B208BA4430047DCCE /* CSSWebRequestTask.h */ = {isa = PBXFileReference; fileEncoding = 4; lastKnownFileType = sourcecode.c.h; path = CSSWebRequestTask.h; sourceTree = "<group>"; };
		9E62946C208BA4430047DCCE /* CSSWebRequestFormItem.h */ = {isa = PBXFileReference; fileEncoding = 4; lastKnownFileType = sourcecode.c.h; path = CSSWebRequestFormItem.h; sourceTree = "<group>"; };
		9E62946D208BA4430047DCCE /* CSSWebResponse.h */ = {isa = PBXFileReference; fileEncoding = 4; lastKnownFileType = sourcecode.c.h; path = CSSWebResponse.h; sourceTree = "<group>"; };
		9E62946E208BA4430047DCCE /* CSSWebRequestService.m */ = {isa = PBXFileReference; fileEncoding = 4; lastKnownFileType = sourcecode.c.objc; path = CSSWebRequestService.m; sourceTree = "<group>"; };
		9E62946F208BA4430047DCCE /* CSSWebURLCache.m */ = {isa = PBXFileReference; fileEncoding = 4; lastKnownFileType = sourcecode.c.objc; path = CSSWebURLCache.m; sourceTree = "<group>"; };
		9E629470208BA4430047DCCE /* CSSWebRequest.m */ = {isa = PBXFileReference; fileEncoding = 4; lastKnownFileType = sourcecode.c.objc; path = CSSWebRequest.m; sourceTree = "<group>"; };
		9E629471208BA4430047DCCE /* CSSNetworkingManager.h */ = {isa = PBXFileReference; fileEncoding = 4; lastKnownFileType = sourcecode.c.h; path = CSSNetworkingManager.h; sourceTree = "<group>"; };
		9E629472208BA4430047DCCE /* CSSWebRequestTaskCollector.h */ = {isa = PBXFileReference; fileEncoding = 4; lastKnownFileType = sourcecode.c.h; path = CSSWebRequestTaskCollector.h; sourceTree = "<group>"; };
		9E629473208BA4430047DCCE /* CSSWebRequestFormItem.m */ = {isa = PBXFileReference; fileEncoding = 4; lastKnownFileType = sourcecode.c.objc; path = CSSWebRequestFormItem.m; sourceTree = "<group>"; };
		9E629474208BA4430047DCCE /* CSSWebRequestTask.m */ = {isa = PBXFileReference; fileEncoding = 4; lastKnownFileType = sourcecode.c.objc; path = CSSWebRequestTask.m; sourceTree = "<group>"; };
		9E62947F208BA4D40047DCCE /* CSSNetworkingHandle.m */ = {isa = PBXFileReference; fileEncoding = 4; lastKnownFileType = sourcecode.c.objc; path = CSSNetworkingHandle.m; sourceTree = "<group>"; };
		9E629480208BA4D40047DCCE /* CSSNetworkingHandle.h */ = {isa = PBXFileReference; fileEncoding = 4; lastKnownFileType = sourcecode.c.h; path = CSSNetworkingHandle.h; sourceTree = "<group>"; };
		9E629483208BA4E50047DCCE /* CSSListModel.h */ = {isa = PBXFileReference; fileEncoding = 4; lastKnownFileType = sourcecode.c.h; path = CSSListModel.h; sourceTree = "<group>"; };
		9E629484208BA4E50047DCCE /* CSSDataModel.h */ = {isa = PBXFileReference; fileEncoding = 4; lastKnownFileType = sourcecode.c.h; path = CSSDataModel.h; sourceTree = "<group>"; };
		9E629485208BA4E50047DCCE /* CSSContentModel.m */ = {isa = PBXFileReference; fileEncoding = 4; lastKnownFileType = sourcecode.c.objc; path = CSSContentModel.m; sourceTree = "<group>"; };
		9E629486208BA4E50047DCCE /* CSSListModel.m */ = {isa = PBXFileReference; fileEncoding = 4; lastKnownFileType = sourcecode.c.objc; path = CSSListModel.m; sourceTree = "<group>"; };
		9E629487208BA4E50047DCCE /* CSSDataModel.m */ = {isa = PBXFileReference; fileEncoding = 4; lastKnownFileType = sourcecode.c.objc; path = CSSDataModel.m; sourceTree = "<group>"; };
		9E629488208BA4E50047DCCE /* CSSContentModel.h */ = {isa = PBXFileReference; fileEncoding = 4; lastKnownFileType = sourcecode.c.h; path = CSSContentModel.h; sourceTree = "<group>"; };
		9E62948A208BA4E50047DCCE /* CSSCacheRequest.m */ = {isa = PBXFileReference; fileEncoding = 4; lastKnownFileType = sourcecode.c.objc; path = CSSCacheRequest.m; sourceTree = "<group>"; };
		9E62948B208BA4E50047DCCE /* CSSNormalRequest.m */ = {isa = PBXFileReference; fileEncoding = 4; lastKnownFileType = sourcecode.c.objc; path = CSSNormalRequest.m; sourceTree = "<group>"; };
		9E62948C208BA4E50047DCCE /* CSSCacheRequest.h */ = {isa = PBXFileReference; fileEncoding = 4; lastKnownFileType = sourcecode.c.h; path = CSSCacheRequest.h; sourceTree = "<group>"; };
		9E62948D208BA4E50047DCCE /* CSSRequestDefine.h */ = {isa = PBXFileReference; fileEncoding = 4; lastKnownFileType = sourcecode.c.h; path = CSSRequestDefine.h; sourceTree = "<group>"; };
		9E62948E208BA4E50047DCCE /* CSSNormalRequest.h */ = {isa = PBXFileReference; fileEncoding = 4; lastKnownFileType = sourcecode.c.h; path = CSSNormalRequest.h; sourceTree = "<group>"; };
		9E629494208BA4F70047DCCE /* CSSViewModelSingleRequetTests.m */ = {isa = PBXFileReference; fileEncoding = 4; lastKnownFileType = sourcecode.c.objc; path = CSSViewModelSingleRequetTests.m; sourceTree = "<group>"; };
		9E629495208BA4F70047DCCE /* CSSNetworkingOriginTests.m */ = {isa = PBXFileReference; fileEncoding = 4; lastKnownFileType = sourcecode.c.objc; path = CSSNetworkingOriginTests.m; sourceTree = "<group>"; };
		9E629496208BA4F70047DCCE /* CSSNetworkingCacheTests.m */ = {isa = PBXFileReference; fileEncoding = 4; lastKnownFileType = sourcecode.c.objc; path = CSSNetworkingCacheTests.m; sourceTree = "<group>"; };
		9E629497208BA4F70047DCCE /* CSSNetworkingToModelStyleTests.m */ = {isa = PBXFileReference; fileEncoding = 4; lastKnownFileType = sourcecode.c.objc; path = CSSNetworkingToModelStyleTests.m; sourceTree = "<group>"; };
		9E629498208BA4F70047DCCE /* CSSUnitTestDefine.h */ = {isa = PBXFileReference; fileEncoding = 4; lastKnownFileType = sourcecode.c.h; path = CSSUnitTestDefine.h; sourceTree = "<group>"; };
		9E629499208BA4F70047DCCE /* CSSViewModelMultiRequestTests.m */ = {isa = PBXFileReference; fileEncoding = 4; lastKnownFileType = sourcecode.c.objc; path = CSSViewModelMultiRequestTests.m; sourceTree = "<group>"; };
		AF9E4CC8F351E52631AC6D90 /* Pods-CSSNetworkingTests.release.xcconfig */ = {isa = PBXFileReference; includeInIndex = 1; lastKnownFileType = text.xcconfig; name = "Pods-CSSNetworkingTests.release.xcconfig"; path = "Pods/Target Support Files/Pods-CSSNetworkingTests/Pods-CSSNetworkingTests.release.xcconfig"; sourceTree = "<group>"; };
		D6B69E9B30273CDF813C84C4 /* Pods_CSSNetworking.framework */ = {isa = PBXFileReference; explicitFileType = wrapper.framework; includeInIndex = 0; path = Pods_CSSNetworking.framework; sourceTree = BUILT_PRODUCTS_DIR; };
		FA578BE411D346DA998B0E2A /* Pods-CSSNetworking.debug.xcconfig */ = {isa = PBXFileReference; includeInIndex = 1; lastKnownFileType = text.xcconfig; name = "Pods-CSSNetworking.debug.xcconfig"; path = "Pods/Target Support Files/Pods-CSSNetworking/Pods-CSSNetworking.debug.xcconfig"; sourceTree = "<group>"; };
/* End PBXFileReference section */

/* Begin PBXFrameworksBuildPhase section */
		9E629433208BA1770047DCCE /* Frameworks */ = {
			isa = PBXFrameworksBuildPhase;
			buildActionMask = 2147483647;
			files = (
				6F661BDB46304F80D7DF6C52 /* Pods_CSSNetworking.framework in Frameworks */,
			);
			runOnlyForDeploymentPostprocessing = 0;
		};
		9E62944B208BA1780047DCCE /* Frameworks */ = {
			isa = PBXFrameworksBuildPhase;
			buildActionMask = 2147483647;
			files = (
				1DC2D3223938DD32906B7FAD /* Pods_CSSNetworkingTests.framework in Frameworks */,
			);
			runOnlyForDeploymentPostprocessing = 0;
		};
/* End PBXFrameworksBuildPhase section */

/* Begin PBXGroup section */
		2C65AAD1C97E9514DB2BBF25 /* Frameworks */ = {
			isa = PBXGroup;
			children = (
				D6B69E9B30273CDF813C84C4 /* Pods_CSSNetworking.framework */,
				10FEB4BF57E7F922B7F22397 /* Pods_CSSNetworkingTests.framework */,
			);
			name = Frameworks;
			sourceTree = "<group>";
		};
		9E62942D208BA1770047DCCE = {
			isa = PBXGroup;
			children = (
				9E62945D208BA4430047DCCE /* Sources */,
				9E629438208BA1770047DCCE /* CSSNetworking */,
				9E629451208BA1780047DCCE /* CSSNetworkingTests */,
				9E629437208BA1770047DCCE /* Products */,
				A9DCE048DCCFB573E1567A79 /* Pods */,
				2C65AAD1C97E9514DB2BBF25 /* Frameworks */,
			);
			sourceTree = "<group>";
		};
		9E629437208BA1770047DCCE /* Products */ = {
			isa = PBXGroup;
			children = (
				9E629436208BA1770047DCCE /* CSSNetworking.app */,
				9E62944E208BA1780047DCCE /* CSSNetworkingTests.xctest */,
			);
			name = Products;
			sourceTree = "<group>";
		};
		9E629438208BA1770047DCCE /* CSSNetworking */ = {
			isa = PBXGroup;
			children = (
				9E629439208BA1770047DCCE /* AppDelegate.h */,
				9E62943A208BA1770047DCCE /* AppDelegate.m */,
				9E62943C208BA1770047DCCE /* ViewController.h */,
				9E62943D208BA1770047DCCE /* ViewController.m */,
				9E62943F208BA1770047DCCE /* Main.storyboard */,
				9E629442208BA1780047DCCE /* Assets.xcassets */,
				9E629444208BA1780047DCCE /* LaunchScreen.storyboard */,
				9E629447208BA1780047DCCE /* Info.plist */,
				9E629448208BA1780047DCCE /* main.m */,
			);
			path = CSSNetworking;
			sourceTree = "<group>";
		};
		9E629451208BA1780047DCCE /* CSSNetworkingTests */ = {
			isa = PBXGroup;
			children = (
				9E62947E208BA4AF0047DCCE /* Handle */,
				9E629482208BA4E50047DCCE /* Model */,
				9E629489208BA4E50047DCCE /* Request */,
				9E629498208BA4F70047DCCE /* CSSUnitTestDefine.h */,
				9E629496208BA4F70047DCCE /* CSSNetworkingCacheTests.m */,
				9E629495208BA4F70047DCCE /* CSSNetworkingOriginTests.m */,
				9E629497208BA4F70047DCCE /* CSSNetworkingToModelStyleTests.m */,
				9E629499208BA4F70047DCCE /* CSSViewModelMultiRequestTests.m */,
				9E629494208BA4F70047DCCE /* CSSViewModelSingleRequetTests.m */,
				9E629454208BA1780047DCCE /* Info.plist */,
			);
			path = CSSNetworkingTests;
			sourceTree = "<group>";
		};
		9E62945D208BA4430047DCCE /* Sources */ = {
			isa = PBXGroup;
			children = (
				9E629461208BA4430047DCCE /* CSSNetworking.h */,
				9E629462208BA4430047DCCE /* Core */,
				9E62945E208BA4430047DCCE /* ViewModel */,
			);
			name = Sources;
			path = ../Sources;
			sourceTree = "<group>";
		};
		9E62945E208BA4430047DCCE /* ViewModel */ = {
			isa = PBXGroup;
			children = (
				9E62945F208BA4430047DCCE /* CSSMultiRequestViewModel.m */,
				9E629460208BA4430047DCCE /* CSSMultiRequestViewModel.h */,
			);
			path = ViewModel;
			sourceTree = "<group>";
		};
		9E629462208BA4430047DCCE /* Core */ = {
			isa = PBXGroup;
			children = (
				9E629463208BA4430047DCCE /* CSSWebResponse.m */,
				9E629464208BA4430047DCCE /* CSSNetworkingManager+Private.h */,
				9E629465208BA4430047DCCE /* CSSWebRequestService.h */,
				9E629466208BA4430047DCCE /* CSSWebRequestTaskCollector.m */,
				9E629467208BA4430047DCCE /* CSSNetworkingManager.m */,
				9E629468208BA4430047DCCE /* CSSWebRequest.h */,
				9E629469208BA4430047DCCE /* CSSNetworkingDefine.h */,
				9E62946A208BA4430047DCCE /* CSSWebURLCache.h */,
				9E62946B208BA4430047DCCE /* CSSWebRequestTask.h */,
				9E62946C208BA4430047DCCE /* CSSWebRequestFormItem.h */,
				9E62946D208BA4430047DCCE /* CSSWebResponse.h */,
				9E62946E208BA4430047DCCE /* CSSWebRequestService.m */,
				9E62946F208BA4430047DCCE /* CSSWebURLCache.m */,
				9E629470208BA4430047DCCE /* CSSWebRequest.m */,
				9E629471208BA4430047DCCE /* CSSNetworkingManager.h */,
				9E629472208BA4430047DCCE /* CSSWebRequestTaskCollector.h */,
				9E629473208BA4430047DCCE /* CSSWebRequestFormItem.m */,
				9E629474208BA4430047DCCE /* CSSWebRequestTask.m */,
			);
			path = Core;
			sourceTree = "<group>";
		};
		9E62947E208BA4AF0047DCCE /* Handle */ = {
			isa = PBXGroup;
			children = (
				9E629480208BA4D40047DCCE /* CSSNetworkingHandle.h */,
				9E62947F208BA4D40047DCCE /* CSSNetworkingHandle.m */,
			);
			path = Handle;
			sourceTree = "<group>";
		};
		9E629482208BA4E50047DCCE /* Model */ = {
			isa = PBXGroup;
			children = (
				9E629483208BA4E50047DCCE /* CSSListModel.h */,
				9E629484208BA4E50047DCCE /* CSSDataModel.h */,
				9E629485208BA4E50047DCCE /* CSSContentModel.m */,
				9E629486208BA4E50047DCCE /* CSSListModel.m */,
				9E629487208BA4E50047DCCE /* CSSDataModel.m */,
				9E629488208BA4E50047DCCE /* CSSContentModel.h */,
			);
			path = Model;
			sourceTree = "<group>";
		};
		9E629489208BA4E50047DCCE /* Request */ = {
			isa = PBXGroup;
			children = (
				9E62948A208BA4E50047DCCE /* CSSCacheRequest.m */,
				9E62948B208BA4E50047DCCE /* CSSNormalRequest.m */,
				9E62948C208BA4E50047DCCE /* CSSCacheRequest.h */,
				9E62948D208BA4E50047DCCE /* CSSRequestDefine.h */,
				9E62948E208BA4E50047DCCE /* CSSNormalRequest.h */,
			);
			path = Request;
			sourceTree = "<group>";
		};
		A9DCE048DCCFB573E1567A79 /* Pods */ = {
			isa = PBXGroup;
			children = (
				FA578BE411D346DA998B0E2A /* Pods-CSSNetworking.debug.xcconfig */,
				0DE024D4EFC91E05104A4951 /* Pods-CSSNetworking.release.xcconfig */,
				82349EC6378EF0B7499E87C6 /* Pods-CSSNetworkingTests.debug.xcconfig */,
				AF9E4CC8F351E52631AC6D90 /* Pods-CSSNetworkingTests.release.xcconfig */,
			);
			name = Pods;
			sourceTree = "<group>";
		};
/* End PBXGroup section */

/* Begin PBXNativeTarget section */
		9E629435208BA1770047DCCE /* CSSNetworking */ = {
			isa = PBXNativeTarget;
			buildConfigurationList = 9E629457208BA1780047DCCE /* Build configuration list for PBXNativeTarget "CSSNetworking" */;
			buildPhases = (
				083FBB1AB257EB150AC8999D /* [CP] Check Pods Manifest.lock */,
				9E629432208BA1770047DCCE /* Sources */,
				9E629433208BA1770047DCCE /* Frameworks */,
				9E629434208BA1770047DCCE /* Resources */,
				73238D257FBFC5A5DD77B417 /* [CP] Embed Pods Frameworks */,
			);
			buildRules = (
			);
			dependencies = (
			);
			name = CSSNetworking;
			productName = CSSNetworking;
			productReference = 9E629436208BA1770047DCCE /* CSSNetworking.app */;
			productType = "com.apple.product-type.application";
		};
		9E62944D208BA1780047DCCE /* CSSNetworkingTests */ = {
			isa = PBXNativeTarget;
			buildConfigurationList = 9E62945A208BA1780047DCCE /* Build configuration list for PBXNativeTarget "CSSNetworkingTests" */;
			buildPhases = (
				4A0455ACF7284117C515F076 /* [CP] Check Pods Manifest.lock */,
				9E62944A208BA1780047DCCE /* Sources */,
				9E62944B208BA1780047DCCE /* Frameworks */,
				9E62944C208BA1780047DCCE /* Resources */,
			);
			buildRules = (
			);
			dependencies = (
				9E629450208BA1780047DCCE /* PBXTargetDependency */,
			);
			name = CSSNetworkingTests;
			productName = CSSNetworkingTests;
			productReference = 9E62944E208BA1780047DCCE /* CSSNetworkingTests.xctest */;
			productType = "com.apple.product-type.bundle.unit-test";
		};
/* End PBXNativeTarget section */

/* Begin PBXProject section */
		9E62942E208BA1770047DCCE /* Project object */ = {
			isa = PBXProject;
			attributes = {
				CLASSPREFIX = CSS;
				LastUpgradeCheck = 0930;
				ORGANIZATIONNAME = joslyn;
				TargetAttributes = {
					9E629435208BA1770047DCCE = {
						CreatedOnToolsVersion = 9.3;
					};
					9E62944D208BA1780047DCCE = {
						CreatedOnToolsVersion = 9.3;
						TestTargetID = 9E629435208BA1770047DCCE;
					};
				};
			};
			buildConfigurationList = 9E629431208BA1770047DCCE /* Build configuration list for PBXProject "CSSNetworking" */;
			compatibilityVersion = "Xcode 9.3";
			developmentRegion = en;
			hasScannedForEncodings = 0;
			knownRegions = (
				en,
				Base,
			);
			mainGroup = 9E62942D208BA1770047DCCE;
			productRefGroup = 9E629437208BA1770047DCCE /* Products */;
			projectDirPath = "";
			projectRoot = "";
			targets = (
				9E629435208BA1770047DCCE /* CSSNetworking */,
				9E62944D208BA1780047DCCE /* CSSNetworkingTests */,
			);
		};
/* End PBXProject section */

/* Begin PBXResourcesBuildPhase section */
		9E629434208BA1770047DCCE /* Resources */ = {
			isa = PBXResourcesBuildPhase;
			buildActionMask = 2147483647;
			files = (
				9E629446208BA1780047DCCE /* LaunchScreen.storyboard in Resources */,
				9E629443208BA1780047DCCE /* Assets.xcassets in Resources */,
				9E629441208BA1770047DCCE /* Main.storyboard in Resources */,
			);
			runOnlyForDeploymentPostprocessing = 0;
		};
		9E62944C208BA1780047DCCE /* Resources */ = {
			isa = PBXResourcesBuildPhase;
			buildActionMask = 2147483647;
			files = (
			);
			runOnlyForDeploymentPostprocessing = 0;
		};
/* End PBXResourcesBuildPhase section */

/* Begin PBXShellScriptBuildPhase section */
		083FBB1AB257EB150AC8999D /* [CP] Check Pods Manifest.lock */ = {
			isa = PBXShellScriptBuildPhase;
			buildActionMask = 2147483647;
			files = (
			);
			inputPaths = (
				"${PODS_PODFILE_DIR_PATH}/Podfile.lock",
				"${PODS_ROOT}/Manifest.lock",
			);
			name = "[CP] Check Pods Manifest.lock";
			outputPaths = (
				"$(DERIVED_FILE_DIR)/Pods-CSSNetworking-checkManifestLockResult.txt",
			);
			runOnlyForDeploymentPostprocessing = 0;
			shellPath = /bin/sh;
			shellScript = "diff \"${PODS_PODFILE_DIR_PATH}/Podfile.lock\" \"${PODS_ROOT}/Manifest.lock\" > /dev/null\nif [ $? != 0 ] ; then\n    # print error to STDERR\n    echo \"error: The sandbox is not in sync with the Podfile.lock. Run 'pod install' or update your CocoaPods installation.\" >&2\n    exit 1\nfi\n# This output is used by Xcode 'outputs' to avoid re-running this script phase.\necho \"SUCCESS\" > \"${SCRIPT_OUTPUT_FILE_0}\"\n";
			showEnvVarsInLog = 0;
		};
		4A0455ACF7284117C515F076 /* [CP] Check Pods Manifest.lock */ = {
			isa = PBXShellScriptBuildPhase;
			buildActionMask = 2147483647;
			files = (
			);
			inputPaths = (
				"${PODS_PODFILE_DIR_PATH}/Podfile.lock",
				"${PODS_ROOT}/Manifest.lock",
			);
			name = "[CP] Check Pods Manifest.lock";
			outputPaths = (
				"$(DERIVED_FILE_DIR)/Pods-CSSNetworkingTests-checkManifestLockResult.txt",
			);
			runOnlyForDeploymentPostprocessing = 0;
			shellPath = /bin/sh;
			shellScript = "diff \"${PODS_PODFILE_DIR_PATH}/Podfile.lock\" \"${PODS_ROOT}/Manifest.lock\" > /dev/null\nif [ $? != 0 ] ; then\n    # print error to STDERR\n    echo \"error: The sandbox is not in sync with the Podfile.lock. Run 'pod install' or update your CocoaPods installation.\" >&2\n    exit 1\nfi\n# This output is used by Xcode 'outputs' to avoid re-running this script phase.\necho \"SUCCESS\" > \"${SCRIPT_OUTPUT_FILE_0}\"\n";
			showEnvVarsInLog = 0;
		};
		73238D257FBFC5A5DD77B417 /* [CP] Embed Pods Frameworks */ = {
			isa = PBXShellScriptBuildPhase;
			buildActionMask = 2147483647;
			files = (
			);
			inputPaths = (
				"${SRCROOT}/Pods/Target Support Files/Pods-CSSNetworking/Pods-CSSNetworking-frameworks.sh",
				"${BUILT_PRODUCTS_DIR}/AFNetworking/AFNetworking.framework",
				"${BUILT_PRODUCTS_DIR}/CSSModel/CSSModel.framework",
				"${BUILT_PRODUCTS_DIR}/CSSPrettyPrinted/CSSPrettyPrinted.framework",
				"${BUILT_PRODUCTS_DIR}/MJExtension/MJExtension.framework",
				"${BUILT_PRODUCTS_DIR}/YYModel/YYModel.framework",
			);
			name = "[CP] Embed Pods Frameworks";
			outputPaths = (
				"${TARGET_BUILD_DIR}/${FRAMEWORKS_FOLDER_PATH}/AFNetworking.framework",
				"${TARGET_BUILD_DIR}/${FRAMEWORKS_FOLDER_PATH}/CSSModel.framework",
				"${TARGET_BUILD_DIR}/${FRAMEWORKS_FOLDER_PATH}/CSSPrettyPrinted.framework",
				"${TARGET_BUILD_DIR}/${FRAMEWORKS_FOLDER_PATH}/MJExtension.framework",
				"${TARGET_BUILD_DIR}/${FRAMEWORKS_FOLDER_PATH}/YYModel.framework",
			);
			runOnlyForDeploymentPostprocessing = 0;
			shellPath = /bin/sh;
			shellScript = "\"${SRCROOT}/Pods/Target Support Files/Pods-CSSNetworking/Pods-CSSNetworking-frameworks.sh\"\n";
			showEnvVarsInLog = 0;
		};
/* End PBXShellScriptBuildPhase section */

/* Begin PBXSourcesBuildPhase section */
		9E629432208BA1770047DCCE /* Sources */ = {
			isa = PBXSourcesBuildPhase;
			buildActionMask = 2147483647;
			files = (
				9E62943E208BA1770047DCCE /* ViewController.m in Sources */,
				9E62947A208BA4430047DCCE /* CSSWebURLCache.m in Sources */,
				9E62947B208BA4430047DCCE /* CSSWebRequest.m in Sources */,
				9E629449208BA1780047DCCE /* main.m in Sources */,
				9E629475208BA4430047DCCE /* CSSMultiRequestViewModel.m in Sources */,
				9E629477208BA4430047DCCE /* CSSWebRequestTaskCollector.m in Sources */,
				9E629476208BA4430047DCCE /* CSSWebResponse.m in Sources */,
				9E62943B208BA1770047DCCE /* AppDelegate.m in Sources */,
				9E62947C208BA4430047DCCE /* CSSWebRequestFormItem.m in Sources */,
				9E62947D208BA4430047DCCE /* CSSWebRequestTask.m in Sources */,
				9E629479208BA4430047DCCE /* CSSWebRequestService.m in Sources */,
				9E629478208BA4430047DCCE /* CSSNetworkingManager.m in Sources */,
			);
			runOnlyForDeploymentPostprocessing = 0;
		};
		9E62944A208BA1780047DCCE /* Sources */ = {
			isa = PBXSourcesBuildPhase;
			buildActionMask = 2147483647;
			files = (
				9E629493208BA4E50047DCCE /* CSSNormalRequest.m in Sources */,
				9E62949D208BA4F70047DCCE /* CSSNetworkingToModelStyleTests.m in Sources */,
				9E629492208BA4E50047DCCE /* CSSCacheRequest.m in Sources */,
				9E62949B208BA4F70047DCCE /* CSSNetworkingOriginTests.m in Sources */,
				9E62948F208BA4E50047DCCE /* CSSContentModel.m in Sources */,
				9E62949C208BA4F70047DCCE /* CSSNetworkingCacheTests.m in Sources */,
				9E62949E208BA4F70047DCCE /* CSSViewModelMultiRequestTests.m in Sources */,
				9E629481208BA4D40047DCCE /* CSSNetworkingHandle.m in Sources */,
				9E629490208BA4E50047DCCE /* CSSListModel.m in Sources */,
				9E62949A208BA4F70047DCCE /* CSSViewModelSingleRequetTests.m in Sources */,
				9E629491208BA4E50047DCCE /* CSSDataModel.m in Sources */,
			);
			runOnlyForDeploymentPostprocessing = 0;
		};
/* End PBXSourcesBuildPhase section */

/* Begin PBXTargetDependency section */
		9E629450208BA1780047DCCE /* PBXTargetDependency */ = {
			isa = PBXTargetDependency;
			target = 9E629435208BA1770047DCCE /* CSSNetworking */;
			targetProxy = 9E62944F208BA1780047DCCE /* PBXContainerItemProxy */;
		};
/* End PBXTargetDependency section */

/* Begin PBXVariantGroup section */
		9E62943F208BA1770047DCCE /* Main.storyboard */ = {
			isa = PBXVariantGroup;
			children = (
				9E629440208BA1770047DCCE /* Base */,
			);
			name = Main.storyboard;
			sourceTree = "<group>";
		};
		9E629444208BA1780047DCCE /* LaunchScreen.storyboard */ = {
			isa = PBXVariantGroup;
			children = (
				9E629445208BA1780047DCCE /* Base */,
			);
			name = LaunchScreen.storyboard;
			sourceTree = "<group>";
		};
/* End PBXVariantGroup section */

/* Begin XCBuildConfiguration section */
		9E629455208BA1780047DCCE /* Debug */ = {
			isa = XCBuildConfiguration;
			buildSettings = {
				ALWAYS_SEARCH_USER_PATHS = NO;
				CLANG_ANALYZER_NONNULL = YES;
				CLANG_ANALYZER_NUMBER_OBJECT_CONVERSION = YES_AGGRESSIVE;
				CLANG_CXX_LANGUAGE_STANDARD = "gnu++14";
				CLANG_CXX_LIBRARY = "libc++";
				CLANG_ENABLE_MODULES = YES;
				CLANG_ENABLE_OBJC_ARC = YES;
				CLANG_ENABLE_OBJC_WEAK = YES;
				CLANG_WARN_BLOCK_CAPTURE_AUTORELEASING = YES;
				CLANG_WARN_BOOL_CONVERSION = YES;
				CLANG_WARN_COMMA = YES;
				CLANG_WARN_CONSTANT_CONVERSION = YES;
				CLANG_WARN_DEPRECATED_OBJC_IMPLEMENTATIONS = YES;
				CLANG_WARN_DIRECT_OBJC_ISA_USAGE = YES_ERROR;
				CLANG_WARN_DOCUMENTATION_COMMENTS = YES;
				CLANG_WARN_EMPTY_BODY = YES;
				CLANG_WARN_ENUM_CONVERSION = YES;
				CLANG_WARN_INFINITE_RECURSION = YES;
				CLANG_WARN_INT_CONVERSION = YES;
				CLANG_WARN_NON_LITERAL_NULL_CONVERSION = YES;
				CLANG_WARN_OBJC_IMPLICIT_RETAIN_SELF = YES;
				CLANG_WARN_OBJC_LITERAL_CONVERSION = YES;
				CLANG_WARN_OBJC_ROOT_CLASS = YES_ERROR;
				CLANG_WARN_RANGE_LOOP_ANALYSIS = YES;
				CLANG_WARN_STRICT_PROTOTYPES = YES;
				CLANG_WARN_SUSPICIOUS_MOVE = YES;
				CLANG_WARN_UNGUARDED_AVAILABILITY = YES_AGGRESSIVE;
				CLANG_WARN_UNREACHABLE_CODE = YES;
				CLANG_WARN__DUPLICATE_METHOD_MATCH = YES;
				CODE_SIGN_IDENTITY = "iPhone Developer";
				COPY_PHASE_STRIP = NO;
				DEBUG_INFORMATION_FORMAT = dwarf;
				ENABLE_STRICT_OBJC_MSGSEND = YES;
				ENABLE_TESTABILITY = YES;
				GCC_C_LANGUAGE_STANDARD = gnu11;
				GCC_DYNAMIC_NO_PIC = NO;
				GCC_NO_COMMON_BLOCKS = YES;
				GCC_OPTIMIZATION_LEVEL = 0;
				GCC_PREPROCESSOR_DEFINITIONS = (
					"DEBUG=1",
					"$(inherited)",
				);
				GCC_WARN_64_TO_32_BIT_CONVERSION = YES;
				GCC_WARN_ABOUT_RETURN_TYPE = YES_ERROR;
				GCC_WARN_UNDECLARED_SELECTOR = YES;
				GCC_WARN_UNINITIALIZED_AUTOS = YES_AGGRESSIVE;
				GCC_WARN_UNUSED_FUNCTION = YES;
				GCC_WARN_UNUSED_VARIABLE = YES;
				IPHONEOS_DEPLOYMENT_TARGET = 11.3;
				MTL_ENABLE_DEBUG_INFO = YES;
				ONLY_ACTIVE_ARCH = YES;
				SDKROOT = iphoneos;
			};
			name = Debug;
		};
		9E629456208BA1780047DCCE /* Release */ = {
			isa = XCBuildConfiguration;
			buildSettings = {
				ALWAYS_SEARCH_USER_PATHS = NO;
				CLANG_ANALYZER_NONNULL = YES;
				CLANG_ANALYZER_NUMBER_OBJECT_CONVERSION = YES_AGGRESSIVE;
				CLANG_CXX_LANGUAGE_STANDARD = "gnu++14";
				CLANG_CXX_LIBRARY = "libc++";
				CLANG_ENABLE_MODULES = YES;
				CLANG_ENABLE_OBJC_ARC = YES;
				CLANG_ENABLE_OBJC_WEAK = YES;
				CLANG_WARN_BLOCK_CAPTURE_AUTORELEASING = YES;
				CLANG_WARN_BOOL_CONVERSION = YES;
				CLANG_WARN_COMMA = YES;
				CLANG_WARN_CONSTANT_CONVERSION = YES;
				CLANG_WARN_DEPRECATED_OBJC_IMPLEMENTATIONS = YES;
				CLANG_WARN_DIRECT_OBJC_ISA_USAGE = YES_ERROR;
				CLANG_WARN_DOCUMENTATION_COMMENTS = YES;
				CLANG_WARN_EMPTY_BODY = YES;
				CLANG_WARN_ENUM_CONVERSION = YES;
				CLANG_WARN_INFINITE_RECURSION = YES;
				CLANG_WARN_INT_CONVERSION = YES;
				CLANG_WARN_NON_LITERAL_NULL_CONVERSION = YES;
				CLANG_WARN_OBJC_IMPLICIT_RETAIN_SELF = YES;
				CLANG_WARN_OBJC_LITERAL_CONVERSION = YES;
				CLANG_WARN_OBJC_ROOT_CLASS = YES_ERROR;
				CLANG_WARN_RANGE_LOOP_ANALYSIS = YES;
				CLANG_WARN_STRICT_PROTOTYPES = YES;
				CLANG_WARN_SUSPICIOUS_MOVE = YES;
				CLANG_WARN_UNGUARDED_AVAILABILITY = YES_AGGRESSIVE;
				CLANG_WARN_UNREACHABLE_CODE = YES;
				CLANG_WARN__DUPLICATE_METHOD_MATCH = YES;
				CODE_SIGN_IDENTITY = "iPhone Developer";
				COPY_PHASE_STRIP = NO;
				DEBUG_INFORMATION_FORMAT = "dwarf-with-dsym";
				ENABLE_NS_ASSERTIONS = NO;
				ENABLE_STRICT_OBJC_MSGSEND = YES;
				GCC_C_LANGUAGE_STANDARD = gnu11;
				GCC_NO_COMMON_BLOCKS = YES;
				GCC_WARN_64_TO_32_BIT_CONVERSION = YES;
				GCC_WARN_ABOUT_RETURN_TYPE = YES_ERROR;
				GCC_WARN_UNDECLARED_SELECTOR = YES;
				GCC_WARN_UNINITIALIZED_AUTOS = YES_AGGRESSIVE;
				GCC_WARN_UNUSED_FUNCTION = YES;
				GCC_WARN_UNUSED_VARIABLE = YES;
				IPHONEOS_DEPLOYMENT_TARGET = 11.3;
				MTL_ENABLE_DEBUG_INFO = NO;
				SDKROOT = iphoneos;
				VALIDATE_PRODUCT = YES;
			};
			name = Release;
		};
		9E629458208BA1780047DCCE /* Debug */ = {
			isa = XCBuildConfiguration;
			baseConfigurationReference = FA578BE411D346DA998B0E2A /* Pods-CSSNetworking.debug.xcconfig */;
			buildSettings = {
				ASSETCATALOG_COMPILER_APPICON_NAME = AppIcon;
				CODE_SIGN_STYLE = Automatic;
				INFOPLIST_FILE = CSSNetworking/Info.plist;
				LD_RUNPATH_SEARCH_PATHS = (
					"$(inherited)",
					"@executable_path/Frameworks",
				);
				PRODUCT_BUNDLE_IDENTIFIER = com.joslyn.CSSNetworking;
				PRODUCT_NAME = "$(TARGET_NAME)";
				TARGETED_DEVICE_FAMILY = "1,2";
			};
			name = Debug;
		};
		9E629459208BA1780047DCCE /* Release */ = {
			isa = XCBuildConfiguration;
			baseConfigurationReference = 0DE024D4EFC91E05104A4951 /* Pods-CSSNetworking.release.xcconfig */;
			buildSettings = {
				ASSETCATALOG_COMPILER_APPICON_NAME = AppIcon;
				CODE_SIGN_STYLE = Automatic;
				INFOPLIST_FILE = CSSNetworking/Info.plist;
				LD_RUNPATH_SEARCH_PATHS = (
					"$(inherited)",
					"@executable_path/Frameworks",
				);
				PRODUCT_BUNDLE_IDENTIFIER = com.joslyn.CSSNetworking;
				PRODUCT_NAME = "$(TARGET_NAME)";
				TARGETED_DEVICE_FAMILY = "1,2";
			};
			name = Release;
		};
		9E62945B208BA1780047DCCE /* Debug */ = {
			isa = XCBuildConfiguration;
			baseConfigurationReference = 82349EC6378EF0B7499E87C6 /* Pods-CSSNetworkingTests.debug.xcconfig */;
			buildSettings = {
				BUNDLE_LOADER = "$(TEST_HOST)";
				CODE_SIGN_STYLE = Automatic;
				INFOPLIST_FILE = CSSNetworkingTests/Info.plist;
				LD_RUNPATH_SEARCH_PATHS = (
					"$(inherited)",
					"@executable_path/Frameworks",
					"@loader_path/Frameworks",
				);
				PRODUCT_BUNDLE_IDENTIFIER = com.joslyn.CSSNetworkingTests;
				PRODUCT_NAME = "$(TARGET_NAME)";
				TARGETED_DEVICE_FAMILY = "1,2";
				TEST_HOST = "$(BUILT_PRODUCTS_DIR)/CSSNetworking.app/CSSNetworking";
			};
			name = Debug;
		};
		9E62945C208BA1780047DCCE /* Release */ = {
			isa = XCBuildConfiguration;
			baseConfigurationReference = AF9E4CC8F351E52631AC6D90 /* Pods-CSSNetworkingTests.release.xcconfig */;
			buildSettings = {
				BUNDLE_LOADER = "$(TEST_HOST)";
				CODE_SIGN_STYLE = Automatic;
				INFOPLIST_FILE = CSSNetworkingTests/Info.plist;
				LD_RUNPATH_SEARCH_PATHS = (
					"$(inherited)",
					"@executable_path/Frameworks",
					"@loader_path/Frameworks",
				);
				PRODUCT_BUNDLE_IDENTIFIER = com.joslyn.CSSNetworkingTests;
				PRODUCT_NAME = "$(TARGET_NAME)";
				TARGETED_DEVICE_FAMILY = "1,2";
				TEST_HOST = "$(BUILT_PRODUCTS_DIR)/CSSNetworking.app/CSSNetworking";
			};
			name = Release;
		};
/* End XCBuildConfiguration section */

/* Begin XCConfigurationList section */
		9E629431208BA1770047DCCE /* Build configuration list for PBXProject "CSSNetworking" */ = {
			isa = XCConfigurationList;
			buildConfigurations = (
				9E629455208BA1780047DCCE /* Debug */,
				9E629456208BA1780047DCCE /* Release */,
			);
			defaultConfigurationIsVisible = 0;
			defaultConfigurationName = Release;
		};
		9E629457208BA1780047DCCE /* Build configuration list for PBXNativeTarget "CSSNetworking" */ = {
			isa = XCConfigurationList;
			buildConfigurations = (
				9E629458208BA1780047DCCE /* Debug */,
				9E629459208BA1780047DCCE /* Release */,
			);
			defaultConfigurationIsVisible = 0;
			defaultConfigurationName = Release;
		};
		9E62945A208BA1780047DCCE /* Build configuration list for PBXNativeTarget "CSSNetworkingTests" */ = {
			isa = XCConfigurationList;
			buildConfigurations = (
				9E62945B208BA1780047DCCE /* Debug */,
				9E62945C208BA1780047DCCE /* Release */,
			);
			defaultConfigurationIsVisible = 0;
			defaultConfigurationName = Release;
		};
/* End XCConfigurationList section */
	};
	rootObject = 9E62942E208BA1770047DCCE /* Project object */;
}
